
Microsoft Visual Studio Solution File, Format Version 11.00
# Visual Studio 2010
Project("{FAE04EC0-301F-11D3-BF4B-00C04F79EFBC}") = "Random cBot", "Random cBot\Random cBot.csproj", "{37992B0E-449E-44A1-8972-14EE747C51D0}"
EndProject
Global
	GlobalSection(SolutionConfigurationPlatforms) = preSolution
		Debug|Any CPU = Debug|Any CPU
		Release|Any CPU = Release|Any CPU
	EndGlobalSection
	GlobalSection(ProjectConfigurationPlatforms) = postSolution
		{37992B0E-449E-44A1-8972-14EE747C51D0}.Debug|Any CPU.ActiveCfg = Debug|Any CPU
		{37992B0E-449E-44A1-8972-14EE747C51D0}.Debug|Any CPU.Build.0 = Debug|Any CPU
		{37992B0E-449E-44A1-8972-14EE747C51D0}.Release|Any CPU.ActiveCfg = Release|Any CPU
		{37992B0E-449E-44A1-8972-14EE747C51D0}.Release|Any CPU.Build.0 = Release|Any CPU
	EndGlobalSection
	GlobalSection(SolutionProperties) = preSolution
		HideSolutionNode = FALSE
	EndGlobalSection
EndGlobal
